
Microsoft Visual Studio Solution File, Format Version 12.00
# Visual Studio 2013
VisualStudioVersion = 12.0.21005.1
MinimumVisualStudioVersion = 10.0.40219.1
Project("{FAE04EC0-301F-11D3-BF4B-00C04F79EFBC}") = "MVNO.Web", "MVNO\MVNO.Web.csproj", "{87B5071C-094E-4887-A277-AE4ACE74A678}"
EndProject
Project("{2150E333-8FDC-42A3-9474-1A3956D46DE8}") = "Presentation", "Presentation", "{DD77ACC3-DCFF-435E-A858-FA7CDE98EBC4}"
EndProject
Project("{2150E333-8FDC-42A3-9474-1A3956D46DE8}") = "Domain", "Domain", "{A0FD713B-2F04-4BF3-9A29-B344BDF823F0}"
EndProject
Project("{2150E333-8FDC-42A3-9474-1A3956D46DE8}") = "Application", "Application", "{7406E2E2-9E2E-43C1-9A8D-26190278448F}"
EndProject
Project("{2150E333-8FDC-42A3-9474-1A3956D46DE8}") = "Infrastructure", "Infrastructure", "{F8A5F9F2-28D6-4350-99D7-00B420C317B9}"
EndProject
Project("{FAE04EC0-301F-11D3-BF4B-00C04F79EFBC}") = "MVNO.Domain", "MVNO.Domain\MVNO.Domain.csproj", "{F018CFF8-3848-45B9-B620-A5947A8C7FC7}"
EndProject
Project("{2150E333-8FDC-42A3-9474-1A3956D46DE8}") = "Tests", "Tests", "{1B2E04E4-50C8-4156-BC7B-632F10F3631E}"
EndProject
Project("{2150E333-8FDC-42A3-9474-1A3956D46DE8}") = "Tests", "Tests", "{4DE3F2EA-EE65-4AAE-8D4A-327DB04E59A5}"
EndProject
Project("{FAE04EC0-301F-11D3-BF4B-00C04F79EFBC}") = "MVNO.Domain.Tests", "Test.MVNO.Domain\MVNO.Domain.Tests.csproj", "{2B70A3FA-B079-44FC-B493-2D479EA478BE}"
EndProject
Project("{2150E333-8FDC-42A3-9474-1A3956D46DE8}") = "Solution Items", "Solution Items", "{C7B327BF-7325-4227-B6B5-B2D105A9CD0C}"
	ProjectSection(SolutionItems) = preProject
		SharedAssemblyInfo.cs = SharedAssemblyInfo.cs
		SharedAssemblyVersionInfo.cs = SharedAssemblyVersionInfo.cs
	EndProjectSection
EndProject
Project("{2150E333-8FDC-42A3-9474-1A3956D46DE8}") = "Specs", "Specs", "{E2EB1B66-C37F-4D59-A780-698ABCAFF83B}"
EndProject
Project("{FAE04EC0-301F-11D3-BF4B-00C04F79EFBC}") = "MVNO.Specs", "MVNO.Specs\MVNO.Specs.csproj", "{CC9D35C2-C92E-4C34-91CA-087B9E4A62D3}"
EndProject
Project("{2150E333-8FDC-42A3-9474-1A3956D46DE8}") = "SandBox", "SandBox", "{7FDD93BE-E392-426A-A1A3-33B898963071}"
EndProject
Project("{FAE04EC0-301F-11D3-BF4B-00C04F79EFBC}") = "SandBox.Domain", "SandBox.Domain\SandBox.Domain.csproj", "{0FB3CEBD-6E4F-4454-9EFA-4A403511F2FE}"
EndProject
Project("{FAE04EC0-301F-11D3-BF4B-00C04F79EFBC}") = "MVNO.Application", "MVNO.Application\MVNO.Application.csproj", "{70BB0115-1B27-412D-A706-5EDBD2E91D93}"
EndProject
Project("{FAE04EC0-301F-11D3-BF4B-00C04F79EFBC}") = "MVNO.Infrastructure", "MVNO.Infrastructure\MVNO.Infrastructure.csproj", "{4611E41F-81C6-4AD6-A380-7D259B598337}"
EndProject
Global
	GlobalSection(SolutionConfigurationPlatforms) = preSolution
		Debug|Any CPU = Debug|Any CPU
		Release|Any CPU = Release|Any CPU
	EndGlobalSection
	GlobalSection(ProjectConfigurationPlatforms) = postSolution
		{87B5071C-094E-4887-A277-AE4ACE74A678}.Debug|Any CPU.ActiveCfg = Debug|Any CPU
		{87B5071C-094E-4887-A277-AE4ACE74A678}.Debug|Any CPU.Build.0 = Debug|Any CPU
		{87B5071C-094E-4887-A277-AE4ACE74A678}.Release|Any CPU.ActiveCfg = Release|Any CPU
		{87B5071C-094E-4887-A277-AE4ACE74A678}.Release|Any CPU.Build.0 = Release|Any CPU
		{F018CFF8-3848-45B9-B620-A5947A8C7FC7}.Debug|Any CPU.ActiveCfg = Debug|Any CPU
		{F018CFF8-3848-45B9-B620-A5947A8C7FC7}.Debug|Any CPU.Build.0 = Debug|Any CPU
		{F018CFF8-3848-45B9-B620-A5947A8C7FC7}.Release|Any CPU.ActiveCfg = Release|Any CPU
		{F018CFF8-3848-45B9-B620-A5947A8C7FC7}.Release|Any CPU.Build.0 = Release|Any CPU
		{2B70A3FA-B079-44FC-B493-2D479EA478BE}.Debug|Any CPU.ActiveCfg = Debug|Any CPU
		{2B70A3FA-B079-44FC-B493-2D479EA478BE}.Debug|Any CPU.Build.0 = Debug|Any CPU
		{2B70A3FA-B079-44FC-B493-2D479EA478BE}.Release|Any CPU.ActiveCfg = Release|Any CPU
		{2B70A3FA-B079-44FC-B493-2D479EA478BE}.Release|Any CPU.Build.0 = Release|Any CPU
		{CC9D35C2-C92E-4C34-91CA-087B9E4A62D3}.Debug|Any CPU.ActiveCfg = Debug|Any CPU
		{CC9D35C2-C92E-4C34-91CA-087B9E4A62D3}.Debug|Any CPU.Build.0 = Debug|Any CPU
		{CC9D35C2-C92E-4C34-91CA-087B9E4A62D3}.Release|Any CPU.ActiveCfg = Release|Any CPU
		{CC9D35C2-C92E-4C34-91CA-087B9E4A62D3}.Release|Any CPU.Build.0 = Release|Any CPU
		{0FB3CEBD-6E4F-4454-9EFA-4A403511F2FE}.Debug|Any CPU.ActiveCfg = Debug|Any CPU
		{0FB3CEBD-6E4F-4454-9EFA-4A403511F2FE}.Debug|Any CPU.Build.0 = Debug|Any CPU
		{0FB3CEBD-6E4F-4454-9EFA-4A403511F2FE}.Release|Any CPU.ActiveCfg = Release|Any CPU
		{0FB3CEBD-6E4F-4454-9EFA-4A403511F2FE}.Release|Any CPU.Build.0 = Release|Any CPU
		{70BB0115-1B27-412D-A706-5EDBD2E91D93}.Debug|Any CPU.ActiveCfg = Debug|Any CPU
		{70BB0115-1B27-412D-A706-5EDBD2E91D93}.Debug|Any CPU.Build.0 = Debug|Any CPU
		{70BB0115-1B27-412D-A706-5EDBD2E91D93}.Release|Any CPU.ActiveCfg = Release|Any CPU
		{70BB0115-1B27-412D-A706-5EDBD2E91D93}.Release|Any CPU.Build.0 = Release|Any CPU
		{4611E41F-81C6-4AD6-A380-7D259B598337}.Debug|Any CPU.ActiveCfg = Debug|Any CPU
		{4611E41F-81C6-4AD6-A380-7D259B598337}.Debug|Any CPU.Build.0 = Debug|Any CPU
		{4611E41F-81C6-4AD6-A380-7D259B598337}.Release|Any CPU.ActiveCfg = Release|Any CPU
		{4611E41F-81C6-4AD6-A380-7D259B598337}.Release|Any CPU.Build.0 = Release|Any CPU
	EndGlobalSection
	GlobalSection(SolutionProperties) = preSolution
		HideSolutionNode = FALSE
	EndGlobalSection
	GlobalSection(NestedProjects) = preSolution
		{87B5071C-094E-4887-A277-AE4ACE74A678} = {DD77ACC3-DCFF-435E-A858-FA7CDE98EBC4}
		{F018CFF8-3848-45B9-B620-A5947A8C7FC7} = {A0FD713B-2F04-4BF3-9A29-B344BDF823F0}
		{70BB0115-1B27-412D-A706-5EDBD2E91D93} = {7406E2E2-9E2E-43C1-9A8D-26190278448F}
		{4611E41F-81C6-4AD6-A380-7D259B598337} = {F8A5F9F2-28D6-4350-99D7-00B420C317B9}
		{4DE3F2EA-EE65-4AAE-8D4A-327DB04E59A5} = {1B2E04E4-50C8-4156-BC7B-632F10F3631E}
		{E2EB1B66-C37F-4D59-A780-698ABCAFF83B} = {1B2E04E4-50C8-4156-BC7B-632F10F3631E}
		{2B70A3FA-B079-44FC-B493-2D479EA478BE} = {4DE3F2EA-EE65-4AAE-8D4A-327DB04E59A5}
		{CC9D35C2-C92E-4C34-91CA-087B9E4A62D3} = {E2EB1B66-C37F-4D59-A780-698ABCAFF83B}
		{0FB3CEBD-6E4F-4454-9EFA-4A403511F2FE} = {7FDD93BE-E392-426A-A1A3-33B898963071}
	EndGlobalSection
EndGlobal
